# THIS IS AN AUTOGENERATED FILE. DO NOT EDIT THIS FILE DIRECTLY.
# yarn lockfile v1


"@iarna/toml@^3.0.0":
  version "3.0.0"
  resolved "https://registry.yarnpkg.com/@iarna/toml/-/toml-3.0.0.tgz#ccde5292fe9d348bbe93fe90d579fc442b72b0b3"
  integrity sha512-td6ZUkz2oS3VeleBcN+m//Q6HlCFCPrnI0FZhrt/h4XqLEdOyYp2u21nd8MdsR+WJy5r9PTDaHTDDfhf4H4l6Q==

"@noble/curves@^1.8.2":
  version "1.9.7"
  resolved "https://registry.yarnpkg.com/@noble/curves/-/curves-1.9.7.tgz#79d04b4758a43e4bca2cbdc62e7771352fa6b951"
  integrity sha512-gbKGcRUYIjA3/zCCNaWDciTMFI0dCkvou3TL8Zmy5Nc7sJ47a0jtOeZoTaMxkuqRo9cRhjOdZJXegxYE5FN/xw==
  dependencies:
    "@noble/hashes" "1.8.0"

"@noble/hashes@1.8.0", "@noble/hashes@^1.7.2":
  version "1.8.0"
  resolved "https://registry.yarnpkg.com/@noble/hashes/-/hashes-1.8.0.tgz#cee43d801fcef9644b11b8194857695acd5f815a"
  integrity sha512-jCs9ldd7NwzpgXDIf6P3+NrHh9/sD6CQdxHyjQI+h/6rDNo88ypBxxz45UDuZHz9r3tNz7N/VInSVoVdtXEI4A==

"@start9labs/start-sdk@0.4.0-beta.48":
  version "0.4.0-beta.48"
  resolved "https://registry.yarnpkg.com/@start9labs/start-sdk/-/start-sdk-0.4.0-beta.48.tgz#4b664c38c1b5f734b6d29892870b8bc0af5787ab"
  integrity sha512-beMdwhUffhnbSm3FgkWPJjAWazMhNMzqbHtS6yK2hX6VpP39JxzDVo8vEbJAUfot6LPw+OhOUtPEu6KDaGre6A==
  dependencies:
    "@iarna/toml" "^3.0.0"
    "@noble/curves" "^1.8.2"
    "@noble/hashes" "^1.7.2"
    "@types/ini" "^4.1.1"
    deep-equality-data-structures "^2.0.0"
    ini "^5.0.0"
    isomorphic-fetch "^3.0.0"
    mime "^4.0.7"
    ts-matches "^6.3.2"
    yaml "^2.7.1"

"@types/ini@^4.1.1":
  version "4.1.1"
  resolved "https://registry.yarnpkg.com/@types/ini/-/ini-4.1.1.tgz#6984664a8cc74c3348f4049d0bf2b1ab2d061ca3"
  integrity sha512-MIyNUZipBTbyUNnhvuXJTY7B6qNI78meck9Jbv3wk0OgNwRyOOVEKDutAkOs1snB/tx0FafyR6/SN4Ps0hZPeg==

"@types/node@^22.19.0":
  version "22.20.1"
  resolved "https://registry.yarnpkg.com/@types/node/-/node-22.20.1.tgz#84e7cdf63cdaa20c134aa317ccc901aa21e16f0e"
  integrity sha512-EANqOCF9QFyra+4pfxUcX9STKJpCLjMbObVzljIJomAWSnuSIEAvyzEU53GaajbXJEgdh0iEcPL+DGvpUd4k1Q==
  dependencies:
    undici-types "~6.21.0"

"@vercel/ncc@^0.38.4":
  version "0.38.4"
  resolved "https://registry.yarnpkg.com/@vercel/ncc/-/ncc-0.38.4.tgz#e1fb8be9e7ed33bf44c121131d4c6e95f784afac"
  integrity sha512-8LwjnlP39s08C08J5NstzriPvW1SP8Zfpp1BvC2sI35kPeZnHfxVkCwu4/+Wodgnd60UtT1n8K8zw+Mp7J9JmQ==

deep-equality-data-structures@^2.0.0:
  version "2.0.0"
  resolved "https://registry.yarnpkg.com/deep-equality-data-structures/-/deep-equality-data-structures-2.0.0.tgz#3e3bafe8a28390c5ed66491f93e83017082bb6fa"
  integrity sha512-qgrUr7MKXq7VRN+WUpQ48QlXVGL0KdibAoTX8KRg18lgOgqbEKMAW1WZsVCtakY4+XX42pbAJzTz/DlXEFM2Fg==
  dependencies:
    object-hash "^3.0.0"

ini@^5.0.0:
  version "5.0.0"
  resolved "https://registry.yarnpkg.com/ini/-/ini-5.0.0.tgz#a7a4615339843d9a8ccc2d85c9d81cf93ffbc638"
  integrity sha512-+N0ngpO3e7cRUWOJAS7qw0IZIVc6XPrW4MlFBdD066F2L4k1L6ker3hLqSq7iXxU5tgS4WGkIUElWn5vogAEnw==

isomorphic-fetch@^3.0.0:
  version "3.0.0"
  resolved "https://registry.yarnpkg.com/isomorphic-fetch/-/isomorphic-fetch-3.0.0.tgz#0267b005049046d2421207215d45d6a262b8b8b4"
  integrity sha512-qvUtwJ3j6qwsF3jLxkZ72qCgjMysPzDfeV240JHiGZsANBYd+EEuu35v7dfrJ9Up0Ak07D7GGSkGhCHTqg/5wA==
  dependencies:
    node-fetch "^2.6.1"
    whatwg-fetch "^3.4.1"

mime@^4.0.7:
  version "4.1.0"
  resolved "https://registry.yarnpkg.com/mime/-/mime-4.1.0.tgz#ec55df7aa21832a36d44f0bbee5c04639b27802f"
  integrity sha512-X5ju04+cAzsojXKes0B/S4tcYtFAJ6tTMuSPBEn9CPGlrWr8Fiw7qYeLT0XyH80HSoAoqWCaz+MWKh22P7G1cw==

node-fetch@^2.6.1:
  version "2.7.0"
  resolved "https://registry.yarnpkg.com/node-fetch/-/node-fetch-2.7.0.tgz#d0f0fa6e3e2dc1d27efcd8ad99d550bda94d187d"
  integrity sha512-c4FRfUm/dbcWZ7U+1Wq0AwCyFL+3nt2bEw05wfxSz+DWpWsitgmSgYmy2dQdWyKC1694ELPqMs/YzUSNozLt8A==
  dependencies:
    whatwg-url "^5.0.0"

object-hash@^3.0.0:
  version "3.0.0"
  resolved "https://registry.yarnpkg.com/object-hash/-/object-hash-3.0.0.tgz#73f97f753e7baffc0e2cc9d6e079079744ac82e9"
  integrity sha512-RSn9F68PjH9HqtltsSnqYC1XXoWe9Bju5+213R98cNGttag9q9yAOTzdbsqvIa7aNm5WffBZFpWYr2aWrklWAw==

prettier@^3.6.2:
  version "3.9.6"
  resolved "https://registry.yarnpkg.com/prettier/-/prettier-3.9.6.tgz#b3ea5146515d40fc53f18aa63f74dfab1e10dbf6"
  integrity sha512-OpN0zzVdiaiAhxpuuj5efpIS4sY9j7bY6uR5mnj5yPzGkdkjNKSJeUThPb60Jw29QuAZgA4o+/iB49kFiaBX6g==

tr46@~0.0.3:
  version "0.0.3"
  resolved "https://registry.yarnpkg.com/tr46/-/tr46-0.0.3.tgz#8184fd347dac9cdc185992f3a6622e14b9d9ab6a"
  integrity sha512-N3WMsuqV66lT30CrXNbEjx4GEwlow3v6rr4mCcv6prnfwhS01rkgyFdjPNBYd9br7LpXV1+Emh01fHnq2Gdgrw==

ts-matches@^6.3.2:
  version "6.5.0"
  resolved "https://registry.yarnpkg.com/ts-matches/-/ts-matches-6.5.0.tgz#c17fb22c813dde794bc16fbfbca0c27f42ba56e6"
  integrity sha512-MhuobYhHYn6MlOTPAF/qk3tsRRioPac5ofYn68tc3rAJaGjsw1MsX1MOSep52DkvNJPgNV0F73zfgcQfYTVeyQ==

typescript@^5.9.3:
  version "5.9.3"
  resolved "https://registry.yarnpkg.com/typescript/-/typescript-5.9.3.tgz#5b4f59e15310ab17a216f5d6cf53ee476ede670f"
  integrity sha512-jl1vZzPDinLr9eUt3J/t7V6FgNEw9QjvBPdysz9KfQDD41fQrC2Y4vKQdiaUpFT4bXlb1RHhLpp8wtm6M5TgSw==

undici-types@~6.21.0:
  version "6.21.0"
  resolved "https://registry.yarnpkg.com/undici-types/-/undici-types-6.21.0.tgz#691d00af3909be93a7faa13be61b3a5b50ef12cb"
  integrity sha512-iwDZqg0QAGrg9Rav5H4n0M64c3mkR59cJ6wQp+7C4nI0gsmExaedaYLNO44eT4AtBBwjbTiGPMlt2Md0T9H9JQ==

webidl-conversions@^3.0.0:
  version "3.0.1"
  resolved "https://registry.yarnpkg.com/webidl-conversions/-/webidl-conversions-3.0.1.tgz#24534275e2a7bc6be7bc86611cc16ae0a5654871"
  integrity sha512-2JAn3z8AR6rjK8Sm8orRC0h/bcl/DqL7tRPdGZ4I1CjdF+EaMLmYxBHyXuKL849eucPFhvBoxMsflfOb8kxaeQ==

whatwg-fetch@^3.4.1:
  version "3.6.20"
  resolved "https://registry.yarnpkg.com/whatwg-fetch/-/whatwg-fetch-3.6.20.tgz#580ce6d791facec91d37c72890995a0b48d31c70"
  integrity sha512-EqhiFU6daOA8kpjOWTL0olhVOF3i7OrFzSYiGsEMB8GcXS+RrzauAERX65xMeNWVqxA6HXH2m69Z9LaKKdisfg==

whatwg-url@^5.0.0:
  version "5.0.0"
  resolved "https://registry.yarnpkg.com/whatwg-url/-/whatwg-url-5.0.0.tgz#966454e8765462e37644d3626f6742ce8b70965d"
  integrity sha512-saE57nupxk6v3HY35+jzBwYa0rKSy0XR8JSxZPwgLr7ys0IBzhGviA1/TUGJLmSVqs8pb9AnvICXEuOHLprYTw==
  dependencies:
    tr46 "~0.0.3"
    webidl-conversions "^3.0.0"

yaml@^2.7.1:
  version "2.9.0"
  resolved "https://registry.yarnpkg.com/yaml/-/yaml-2.9.0.tgz#78274afd93598a1dfdd6130df6a566defcbf9aa4"
  integrity sha512-2AvhNX3mb8zd6Zy7INTtSpl1F15HW6Wnqj0srWlkKLcpYl/gMIMJiyuGq2KeI2YFxUPjdlB+3Lc10seMLtL4cA==
